{
  "name": "scionlab-fed4fire-topology",
  "version": "0.1.0",
  "lockfileVersion": 1,
  "requires": true,
  "dependencies": {
    "@jsenv/cancellation": {
      "version": "1.4.1",
      "resolved": "https://registry.npmjs.org/@jsenv/cancellation/-/cancellation-1.4.1.tgz",
      "integrity": "sha512-PSCHdPLUHcfbRQuoGCnjEenj0on0ii+7WSqzc+35+BW1NpGHdkjMqwnAYTa2UDsjmkhgjxuHOUlMQxCVG3qP7A==",
      "dev": true
    },
    "@jsenv/import-map": {
      "version": "6.7.2",
      "resolved": "https://registry.npmjs.org/@jsenv/import-map/-/import-map-6.7.2.tgz",
      "integrity": "sha512-RlRisNESPihPgKSlmdXhaUQpAu+n5Te5k1SqZJYDxo68uvcTHN0y4UccfmG73OzU8bwVuPNhL+EzWJJnLWhU2w==",
      "dev": true
    },
    "@jsenv/logger": {
      "version": "3.3.1",
      "resolved": "https://registry.npmjs.org/@jsenv/logger/-/logger-3.3.1.tgz",
      "integrity": "sha512-Xi3Qtxu/ASi1sgAh+f5Emp6brcMjM1fG+Du7QMPcCKfvYJs/paud6oJLPhjgoPEYgl3XIfiCxZyoX+GCT4Jydg==",
      "dev": true
    },
    "@jsenv/node-module-import-map": {
      "version": "11.0.1",
      "resolved": "https://registry.npmjs.org/@jsenv/node-module-import-map/-/node-module-import-map-11.0.1.tgz",
      "integrity": "sha512-j/uHkDmgN2ktNmOPHpcSsG7lUOQzBYo1j0rkYm/mkAetSJjj2f3573h/RF9SOdTlFLV4KhPybDq+7fe8oateVQ==",
      "dev": true,
      "requires": {
        "@jsenv/cancellation": "1.4.1",
        "@jsenv/import-map": "6.7.2",
        "@jsenv/logger": "3.3.1",
        "@jsenv/util": "3.5.2"
      }
    },
    "@jsenv/node-signals": {
      "version": "2.0.1",
      "resolved": "https://registry.npmjs.org/@jsenv/node-signals/-/node-signals-2.0.1.tgz",
      "integrity": "sha512-OXZkSZsegiOI+uueyY1wwx6Z0XpPFf/d/es/Bi1fUBeR/k8PvFyRygM9FgtYpZmJ0FGaEKTYQN+E31dzTru4kw==",
      "dev": true
    },
    "@jsenv/url-meta": {
      "version": "5.2.2",
      "resolved": "https://registry.npmjs.org/@jsenv/url-meta/-/url-meta-5.2.2.tgz",
      "integrity": "sha512-cXyGWf49KS+7c3T4ta/v6gqdQywDu5YsyVKkrY6C2KtTdkVBKNaYoSv+woVUks9RbFke4hq33UhD51xSI3aicg==",
      "dev": true
    },
    "@jsenv/util": {
      "version": "3.5.2",
      "resolved": "https://registry.npmjs.org/@jsenv/util/-/util-3.5.2.tgz",
      "integrity": "sha512-S0uNwgv5Me1b+5O6LLd+ozD/FOhjQm+7mOmD9WrjfuMMOsKZwu7f+XeUWtk6/gldcGrBSAqOAOr+QmsFnP/u8w==",
      "dev": true,
      "requires": {
        "@jsenv/cancellation": "1.4.1",
        "@jsenv/node-signals": "2.0.1",
        "@jsenv/url-meta": "5.2.2"
      }
    },
    "@polymer/font-roboto": {
      "version": "3.0.2",
      "resolved": "https://registry.npmjs.org/@polymer/font-roboto/-/font-roboto-3.0.2.tgz",
      "integrity": "sha512-tx5TauYSmzsIvmSqepUPDYbs4/Ejz2XbZ1IkD7JEGqkdNUJlh+9KU85G56Tfdk/xjEZ8zorFfN09OSwiMrIQWA=="
    },
    "@polymer/iron-a11y-keys-behavior": {
      "version": "3.0.1",
      "resolved": "https://registry.npmjs.org/@polymer/iron-a11y-keys-behavior/-/iron-a11y-keys-behavior-3.0.1.tgz",
      "integrity": "sha512-lnrjKq3ysbBPT/74l0Fj0U9H9C35Tpw2C/tpJ8a+5g8Y3YJs1WSZYnEl1yOkw6sEyaxOq/1DkzH0+60gGu5/PQ==",
      "requires": {
        "@polymer/polymer": "^3.0.0"
      }
    },
    "@polymer/iron-behaviors": {
      "version": "3.0.1",
      "resolved": "https://registry.npmjs.org/@polymer/iron-behaviors/-/iron-behaviors-3.0.1.tgz",
      "integrity": "sha512-IMEwcv1lhf1HSQxuyWOUIL0lOBwmeaoSTpgCJeP9IBYnuB1SPQngmfRuHKgK6/m9LQ9F9miC7p3HeQQUdKAE0w==",
      "requires": {
        "@polymer/iron-a11y-keys-behavior": "^3.0.0-pre.26",
        "@polymer/polymer": "^3.0.0"
      }
    },
    "@polymer/iron-checked-element-behavior": {
      "version": "3.0.1",
      "resolved": "https://registry.npmjs.org/@polymer/iron-checked-element-behavior/-/iron-checked-element-behavior-3.0.1.tgz",
      "integrity": "sha512-aDr0cbCNVq49q+pOqa6CZutFh+wWpwPMLpEth9swx+GkAj+gCURhuQkaUYhIo5f2egDbEioR1aeHMnPlU9dQZA==",
      "requires": {
        "@polymer/iron-form-element-behavior": "^3.0.0-pre.26",
        "@polymer/iron-validatable-behavior": "^3.0.0-pre.26",
        "@polymer/polymer": "^3.0.0"
      }
    },
    "@polymer/iron-flex-layout": {
      "version": "3.0.1",
      "resolved": "https://registry.npmjs.org/@polymer/iron-flex-layout/-/iron-flex-layout-3.0.1.tgz",
      "integrity": "sha512-7gB869czArF+HZcPTVSgvA7tXYFze9EKckvM95NB7SqYF+NnsQyhoXgKnpFwGyo95lUjUW9TFDLUwDXnCYFtkw==",
      "requires": {
        "@polymer/polymer": "^3.0.0"
      }
    },
    "@polymer/iron-form-element-behavior": {
      "version": "3.0.1",
      "resolved": "https://registry.npmjs.org/@polymer/iron-form-element-behavior/-/iron-form-element-behavior-3.0.1.tgz",
      "integrity": "sha512-G/e2KXyL5AY7mMjmomHkGpgS0uAf4ovNpKhkuUTRnMuMJuf589bKqE85KN4ovE1Tzhv2hJoh/igyD6ekHiYU1A==",
      "requires": {
        "@polymer/polymer": "^3.0.0"
      }
    },
    "@polymer/iron-icon": {
      "version": "3.0.1",
      "resolved": "https://registry.npmjs.org/@polymer/iron-icon/-/iron-icon-3.0.1.tgz",
      "integrity": "sha512-QLPwirk+UPZNaLnMew9VludXA4CWUCenRewgEcGYwdzVgDPCDbXxy6vRJjmweZobMQv/oVLppT2JZtJFnPxX6g==",
      "requires": {
        "@polymer/iron-flex-layout": "^3.0.0-pre.26",
        "@polymer/iron-meta": "^3.0.0-pre.26",
        "@polymer/polymer": "^3.0.0"
      }
    },
    "@polymer/iron-icons": {
      "version": "3.0.1",
      "resolved": "https://registry.npmjs.org/@polymer/iron-icons/-/iron-icons-3.0.1.tgz",
      "integrity": "sha512-xtEI8erH2GIBiF3QxEMyW81XuVjguu6Le5WjEEpX67qd9z7jjmc4T/ke3zRUlnDydex9p8ytcwVpMIKcyvjYAQ==",
      "requires": {
        "@polymer/iron-icon": "^3.0.0-pre.26",
        "@polymer/iron-iconset-svg": "^3.0.0-pre.26",
        "@polymer/polymer": "^3.0.0"
      }
    },
    "@polymer/iron-iconset-svg": {
      "version": "3.0.1",
      "resolved": "https://registry.npmjs.org/@polymer/iron-iconset-svg/-/iron-iconset-svg-3.0.1.tgz",
      "integrity": "sha512-XNwURbNHRw6u2fJe05O5fMYye6GSgDlDqCO+q6K1zAnKIrpgZwf2vTkBd5uCcZwsN0FyCB3mvNZx4jkh85dRDw==",
      "requires": {
        "@polymer/iron-meta": "^3.0.0-pre.26",
        "@polymer/polymer": "^3.0.0"
      }
    },
    "@polymer/iron-image": {
      "version": "3.0.2",
      "resolved": "https://registry.npmjs.org/@polymer/iron-image/-/iron-image-3.0.2.tgz",
      "integrity": "sha512-VyYtnewGozDb5sUeoLR1OvKzlt5WAL6b8Od7fPpio5oYL+9t061/nTV8+ZMrpMgF2WgB0zqM/3K53o3pbK5v8Q==",
      "requires": {
        "@polymer/polymer": "^3.0.0"
      }
    },
    "@polymer/iron-meta": {
      "version": "3.0.1",
      "resolved": "https://registry.npmjs.org/@polymer/iron-meta/-/iron-meta-3.0.1.tgz",
      "integrity": "sha512-pWguPugiLYmWFV9UWxLWzZ6gm4wBwQdDy4VULKwdHCqR7OP7u98h+XDdGZsSlDPv6qoryV/e3tGHlTIT0mbzJA==",
      "requires": {
        "@polymer/polymer": "^3.0.0"
      }
    },
    "@polymer/iron-validatable-behavior": {
      "version": "3.0.1",
      "resolved": "https://registry.npmjs.org/@polymer/iron-validatable-behavior/-/iron-validatable-behavior-3.0.1.tgz",
      "integrity": "sha512-wwpYh6wOa4fNI+jH5EYKC7TVPYQ2OfgQqocWat7GsNWcsblKYhLYbwsvEY5nO0n2xKqNfZzDLrUom5INJN7msQ==",
      "requires": {
        "@polymer/iron-meta": "^3.0.0-pre.26",
        "@polymer/polymer": "^3.0.0"
      }
    },
    "@polymer/paper-behaviors": {
      "version": "3.0.1",
      "resolved": "https://registry.npmjs.org/@polymer/paper-behaviors/-/paper-behaviors-3.0.1.tgz",
      "integrity": "sha512-6knhj69fPJejv8qR0kCSUY+Q0XjaUf0OSnkjRjmTJPAwSrRYtgqE+l6P1FfA+py1X/cUjgne9EF5rMZAKJIg1g==",
      "requires": {
        "@polymer/iron-behaviors": "^3.0.0-pre.26",
        "@polymer/iron-checked-element-behavior": "^3.0.0-pre.26",
        "@polymer/paper-ripple": "^3.0.0-pre.26",
        "@polymer/polymer": "^3.0.0"
      }
    },
    "@polymer/paper-button": {
      "version": "3.0.1",
      "resolved": "https://registry.npmjs.org/@polymer/paper-button/-/paper-button-3.0.1.tgz",
      "integrity": "sha512-JRNBc+Oj9EWnmyLr7FcCr8T1KAnEHPh6mosln9BUdkM+qYaYsudSICh3cjTIbnj6AuF5OJidoLkM1dlyj0j6Zg==",
      "requires": {
        "@polymer/iron-flex-layout": "^3.0.0-pre.26",
        "@polymer/paper-behaviors": "^3.0.0-pre.27",
        "@polymer/paper-styles": "^3.0.0-pre.26",
        "@polymer/polymer": "^3.0.0"
      }
    },
    "@polymer/paper-card": {
      "version": "3.0.1",
      "resolved": "https://registry.npmjs.org/@polymer/paper-card/-/paper-card-3.0.1.tgz",
      "integrity": "sha512-ZYzfA4kzP9niRO22wSOBL2RS+URZNUP5XmUCwN91fYPIGO0Qbimh7d1O2HpJD4cRCZhvGYn2CJMDMVmDm35vIg==",
      "requires": {
        "@polymer/iron-flex-layout": "^3.0.0-pre.26",
        "@polymer/iron-image": "^3.0.0-pre.26",
        "@polymer/paper-styles": "^3.0.0-pre.26",
        "@polymer/polymer": "^3.0.0"
      }
    },
    "@polymer/paper-icon-button": {
      "version": "3.0.2",
      "resolved": "https://registry.npmjs.org/@polymer/paper-icon-button/-/paper-icon-button-3.0.2.tgz",
      "integrity": "sha512-kOdxQgnKL097bggFF6PWvsBYuWg+MCcoHoTHX6bh/MuZoWFZNjrFntFqwuB4oEbpjCpfm4moA33muPJFj7CihQ==",
      "requires": {
        "@polymer/iron-icon": "^3.0.0-pre.26",
        "@polymer/paper-behaviors": "^3.0.0-pre.27",
        "@polymer/paper-styles": "^3.0.0-pre.26",
        "@polymer/polymer": "^3.0.0"
      }
    },
    "@polymer/paper-ripple": {
      "version": "3.0.2",
      "resolved": "https://registry.npmjs.org/@polymer/paper-ripple/-/paper-ripple-3.0.2.tgz",
      "integrity": "sha512-DnLNvYIMsiayeICroYxx6Q6Hg1cUU8HN2sbutXazlemAlGqdq80qz3TIaVdbpbt/pvjcFGX2HtntMlPstCge8Q==",
      "requires": {
        "@polymer/iron-a11y-keys-behavior": "^3.0.0-pre.26",
        "@polymer/polymer": "^3.0.0"
      }
    },
    "@polymer/paper-styles": {
      "version": "3.0.1",
      "resolved": "https://registry.npmjs.org/@polymer/paper-styles/-/paper-styles-3.0.1.tgz",
      "integrity": "sha512-y6hmObLqlCx602TQiSBKHqjwkE7xmDiFkoxdYGaNjtv4xcysOTdVJsDR/R9UHwIaxJ7gHlthMSykir1nv78++g==",
      "requires": {
        "@polymer/font-roboto": "^3.0.1",
        "@polymer/iron-flex-layout": "^3.0.0-pre.26",
        "@polymer/polymer": "^3.0.0"
      }
    },
    "@polymer/paper-toggle-button": {
      "version": "3.0.1",
      "resolved": "https://registry.npmjs.org/@polymer/paper-toggle-button/-/paper-toggle-button-3.0.1.tgz",
      "integrity": "sha512-jadZB60fycT7YnSAH0H23LYo6/2HYmMZTtNr9LpdSIRFPLX6mqqxewex92cFz019bMKaRJgORn308hRlJo2u6A==",
      "requires": {
        "@polymer/iron-checked-element-behavior": "^3.0.0-pre.26",
        "@polymer/paper-behaviors": "^3.0.0-pre.27",
        "@polymer/paper-styles": "^3.0.0-pre.26",
        "@polymer/polymer": "^3.0.0"
      }
    },
    "@polymer/polymer": {
      "version": "3.3.1",
      "resolved": "https://registry.npmjs.org/@polymer/polymer/-/polymer-3.3.1.tgz",
      "integrity": "sha512-8KaB48tzyMjdsHdxo5KvCAaqmTe7rYDzQAoj/pyEfq9Fp4YfUaS+/xqwYj0GbiDAUNzwkmEQ7dw9cgnRNdKO8A==",
      "requires": {
        "@webcomponents/shadycss": "^1.9.1"
      }
    },
    "@webcomponents/shadycss": {
      "version": "1.9.5",
      "resolved": "https://registry.npmjs.org/@webcomponents/shadycss/-/shadycss-1.9.5.tgz",
      "integrity": "sha512-ivJ47Gq4WJONLErim7FR1TGIX0epNx8b2N9Q7c4AKKd5Mbax+CoKoFLZ2lfFvx8vs/jz1YK+8UIbM+diSy27HQ=="
    },
    "async": {
      "version": "2.6.3",
      "resolved": "https://registry.npmjs.org/async/-/async-2.6.3.tgz",
      "integrity": "sha512-zflvls11DCy+dQWzTW2dzuilv8Z5X/pjfmZOWba6TNIVDm+2UDaJmXSOXlasHKfNBs8oo3M0aT50fDEWfKZjXg==",
      "dev": true,
      "requires": {
        "lodash": "^4.17.14"
      }
    },
    "basic-auth": {
      "version": "1.1.0",
      "resolved": "https://registry.npmjs.org/basic-auth/-/basic-auth-1.1.0.tgz",
      "integrity": "sha1-RSIe5Cn37h5QNb4/UVM/HN/SmIQ=",
      "dev": true
    },
    "colors": {
      "version": "1.4.0",
      "resolved": "https://registry.npmjs.org/colors/-/colors-1.4.0.tgz",
      "integrity": "sha512-a+UqTh4kgZg/SlGvfbzDHpgRu7AAQOmmqRHJnxhRZICKFUT91brVhNNt58CMWU9PsBbv3PDCZUHbVxuDiH2mtA==",
      "dev": true
    },
    "corser": {
      "version": "2.0.1",
      "resolved": "https://registry.npmjs.org/corser/-/corser-2.0.1.tgz",
      "integrity": "sha1-jtolLsqrWEDc2XXOuQ2TcMgZ/4c=",
      "dev": true
    },
    "cytoscape": {
      "version": "3.14.0",
      "resolved": "https://registry.npmjs.org/cytoscape/-/cytoscape-3.14.0.tgz",
      "integrity": "sha512-j7DgCimbVYbEGibrWflUMedvVIZAQ0YRV8VWwWr2P4J/bS+VrhE3ByclLsGH44deG48/I0YKJP0VkcquSBXc9A==",
      "requires": {
        "heap": "^0.2.6",
        "lodash.debounce": "^4.0.8"
      }
    },
    "cytoscape-anywhere-panning": {
      "version": "0.5.3",
      "resolved": "https://registry.npmjs.org/cytoscape-anywhere-panning/-/cytoscape-anywhere-panning-0.5.3.tgz",
      "integrity": "sha512-72Muyw4fIFuxnfY2LYcwd+GX9zL6GU5NDEZIigSAEehZdSo9+ptyh8y0JlVsNIrBZ2z4i/8f2gdEG+Koj8Juhg=="
    },
    "cytoscape-popper": {
      "version": "1.0.6",
      "resolved": "https://registry.npmjs.org/cytoscape-popper/-/cytoscape-popper-1.0.6.tgz",
      "integrity": "sha512-S8T+NcvtsWiziv14YxYeNcHHeQUyRKg9ElqJJwOpNmj0GwfwSAxSg5uvuz1hiFGX7nNgsBLMmao+EGhcrDt0QQ==",
      "requires": {
        "popper.js": "^1.0.0"
      }
    },
    "debug": {
      "version": "3.2.6",
      "resolved": "https://registry.npmjs.org/debug/-/debug-3.2.6.tgz",
      "integrity": "sha512-mel+jf7nrtEl5Pn1Qx46zARXKDpBbvzezse7p7LqINmdoIk8PYP5SySaxEmYv6TZ0JyEKA1hsCId6DIhgITtWQ==",
      "dev": true,
      "requires": {
        "ms": "^2.1.1"
      }
    },
    "ecstatic": {
      "version": "3.3.2",
      "resolved": "https://registry.npmjs.org/ecstatic/-/ecstatic-3.3.2.tgz",
      "integrity": "sha512-fLf9l1hnwrHI2xn9mEDT7KIi22UDqA2jaCwyCbSUJh9a1V+LEUSL/JO/6TIz/QyuBURWUHrFL5Kg2TtO1bkkog==",
      "dev": true,
      "requires": {
        "he": "^1.1.1",
        "mime": "^1.6.0",
        "minimist": "^1.1.0",
        "url-join": "^2.0.5"
      }
    },
    "es-module-shims": {
      "version": "0.4.6",
      "resolved": "https://registry.npmjs.org/es-module-shims/-/es-module-shims-0.4.6.tgz",
      "integrity": "sha512-EzVhnLyA/zvmGrAy2RU8m9xpxX7u2yb2by1GZH80SHF6lakG21YAm3Vo56KsLIXaIjT9QabqjYpQU1S5FkM8+Q=="
    },
    "eventemitter3": {
      "version": "4.0.0",
      "resolved": "https://registry.npmjs.org/eventemitter3/-/eventemitter3-4.0.0.tgz",
      "integrity": "sha512-qerSRB0p+UDEssxTtm6EDKcE7W4OaoisfIMl4CngyEhjpYglocpNg6UEqCvemdGhosAsg4sO2dXJOdyBifPGCg==",
      "dev": true
    },
    "follow-redirects": {
      "version": "1.11.0",
      "resolved": "https://registry.npmjs.org/follow-redirects/-/follow-redirects-1.11.0.tgz",
      "integrity": "sha512-KZm0V+ll8PfBrKwMzdo5D13b1bur9Iq9Zd/RMmAoQQcl2PxxFml8cxXPaaPYVbV0RjNjq1CU7zIzAOqtUPudmA==",
      "dev": true,
      "requires": {
        "debug": "^3.0.0"
      }
    },
    "he": {
      "version": "1.2.0",
      "resolved": "https://registry.npmjs.org/he/-/he-1.2.0.tgz",
      "integrity": "sha512-F/1DnUGPopORZi0ni+CvrCgHQ5FyEAHRLSApuYWMmrbSwoN2Mn/7k+Gl38gJnR7yyDZk6WLXwiGod1JOWNDKGw==",
      "dev": true
    },
    "heap": {
      "version": "0.2.6",
      "resolved": "https://registry.npmjs.org/heap/-/heap-0.2.6.tgz",
      "integrity": "sha1-CH4fELBGky/IWU3Z5tN4r8nR5aw="
    },
    "http-proxy": {
      "version": "1.18.0",
      "resolved": "https://registry.npmjs.org/http-proxy/-/http-proxy-1.18.0.tgz",
      "integrity": "sha512-84I2iJM/n1d4Hdgc6y2+qY5mDaz2PUVjlg9znE9byl+q0uC3DeByqBGReQu5tpLK0TAqTIXScRUV+dg7+bUPpQ==",
      "dev": true,
      "requires": {
        "eventemitter3": "^4.0.0",
        "follow-redirects": "^1.0.0",
        "requires-port": "^1.0.0"
      }
    },
    "http-server": {
      "version": "0.12.1",
      "resolved": "https://registry.npmjs.org/http-server/-/http-server-0.12.1.tgz",
      "integrity": "sha512-T0jB+7J7GJ2Vo+a4/T7P7SbQ3x2GPDnqRqQXdfEuPuUOmES/9NBxPnDm7dh1HGEeUWqUmLUNtGV63ZC5Uy3tGA==",
      "dev": true,
      "requires": {
        "basic-auth": "^1.0.3",
        "colors": "^1.3.3",
        "corser": "^2.0.1",
        "ecstatic": "^3.3.2",
        "http-proxy": "^1.17.0",
        "opener": "^1.5.1",
        "optimist": "~0.6.1",
        "portfinder": "^1.0.20",
        "secure-compare": "3.0.1",
        "union": "~0.5.0"
      }
    },
    "lodash": {
      "version": "4.17.15",
      "resolved": "https://registry.npmjs.org/lodash/-/lodash-4.17.15.tgz",
      "integrity": "sha512-8xOcRHvCjnocdS5cpwXQXVzmmh5e5+saE2QGoeQmbKmRS6J3VQppPOIt0MnmE+4xlZoumy0GPG0D0MVIQbNA1A==",
      "dev": true
    },
    "lodash.debounce": {
      "version": "4.0.8",
      "resolved": "https://registry.npmjs.org/lodash.debounce/-/lodash.debounce-4.0.8.tgz",
      "integrity": "sha1-gteb/zCmfEAF/9XiUVMArZyk168="
    },
    "mime": {
      "version": "1.6.0",
      "resolved": "https://registry.npmjs.org/mime/-/mime-1.6.0.tgz",
      "integrity": "sha512-x0Vn8spI+wuJ1O6S7gnbaQg8Pxh4NNHb7KSINmEWKiPE4RKOplvijn+NkmYmmRgP68mc70j2EbeTFRsrswaQeg==",
      "dev": true
    },
    "minimist": {
      "version": "1.2.5",
      "resolved": "https://registry.npmjs.org/minimist/-/minimist-1.2.5.tgz",
      "integrity": "sha512-FM9nNUYrRBAELZQT3xeZQ7fmMOBg6nWNmJKTcgsJeaLstP/UODVpGsr5OhXhhXg6f+qtJ8uiZ+PUxkDWcgIXLw==",
      "dev": true
    },
    "mkdirp": {
      "version": "0.5.5",
      "resolved": "https://registry.npmjs.org/mkdirp/-/mkdirp-0.5.5.tgz",
      "integrity": "sha512-NKmAlESf6jMGym1++R0Ra7wvhV+wFW63FaSOFPwRahvea0gMUcGUhVeAg/0BC0wiv9ih5NYPB1Wn1UEI1/L+xQ==",
      "dev": true,
      "requires": {
        "minimist": "^1.2.5"
      }
    },
    "ms": {
      "version": "2.1.2",
      "resolved": "https://registry.npmjs.org/ms/-/ms-2.1.2.tgz",
      "integrity": "sha512-sGkPx+VjMtmA6MX27oA4FBFELFCZZ4S4XqeGOXCv68tT+jb3vk/RyaKWP0PTKyWtmLSM0b+adUTEvbs1PEaH2w==",
      "dev": true
    },
    "opener": {
      "version": "1.5.1",
      "resolved": "https://registry.npmjs.org/opener/-/opener-1.5.1.tgz",
      "integrity": "sha512-goYSy5c2UXE4Ra1xixabeVh1guIX/ZV/YokJksb6q2lubWu6UbvPQ20p542/sFIll1nl8JnCyK9oBaOcCWXwvA==",
      "dev": true
    },
    "optimist": {
      "version": "0.6.1",
      "resolved": "https://registry.npmjs.org/optimist/-/optimist-0.6.1.tgz",
      "integrity": "sha1-2j6nRob6IaGaERwybpDrFaAZZoY=",
      "dev": true,
      "requires": {
        "minimist": "~0.0.1",
        "wordwrap": "~0.0.2"
      },
      "dependencies": {
        "minimist": {
          "version": "0.0.10",
          "resolved": "https://registry.npmjs.org/minimist/-/minimist-0.0.10.tgz",
          "integrity": "sha1-3j+YVD2/lggr5IrRoMfNqDYwHc8=",
          "dev": true
        }
      }
    },
    "popper.js": {
      "version": "1.16.1",
      "resolved": "https://registry.npmjs.org/popper.js/-/popper.js-1.16.1.tgz",
      "integrity": "sha512-Wb4p1J4zyFTbM+u6WuO4XstYx4Ky9Cewe4DWrel7B0w6VVICvPwdOpotjzcf6eD8TsckVnIMNONQyPIUFOUbCQ=="
    },
    "portfinder": {
      "version": "1.0.25",
      "resolved": "https://registry.npmjs.org/portfinder/-/portfinder-1.0.25.tgz",
      "integrity": "sha512-6ElJnHBbxVA1XSLgBp7G1FiCkQdlqGzuF7DswL5tcea+E8UpuvPU7beVAjjRwCioTS9ZluNbu+ZyRvgTsmqEBg==",
      "dev": true,
      "requires": {
        "async": "^2.6.2",
        "debug": "^3.1.1",
        "mkdirp": "^0.5.1"
      }
    },
    "qs": {
      "version": "6.9.3",
      "resolved": "https://registry.npmjs.org/qs/-/qs-6.9.3.tgz",
      "integrity": "sha512-EbZYNarm6138UKKq46tdx08Yo/q9ZhFoAXAI1meAFd2GtbRDhbZY2WQSICskT0c5q99aFzLG1D4nvTk9tqfXIw==",
      "dev": true
    },
    "requires-port": {
      "version": "1.0.0",
      "resolved": "https://registry.npmjs.org/requires-port/-/requires-port-1.0.0.tgz",
      "integrity": "sha1-kl0mAdOaxIXgkc8NpcbmlNw9yv8=",
      "dev": true
    },
    "secure-compare": {
      "version": "3.0.1",
      "resolved": "https://registry.npmjs.org/secure-compare/-/secure-compare-3.0.1.tgz",
      "integrity": "sha1-8aAymzCLIh+uN7mXTz1XjQypmeM=",
      "dev": true
    },
    "tippy.js": {
      "version": "5.2.1",
      "resolved": "https://registry.npmjs.org/tippy.js/-/tippy.js-5.2.1.tgz",
      "integrity": "sha512-66UT6JRVn3dXNCORE+0UvUK3JZqV/VhLlU6HTDm3FmrweUUFUxUGvT8tUQ7ycMp+uhuLAwQw6dBabyC+iKf/MA==",
      "requires": {
        "popper.js": "^1.16.0"
      }
    },
    "union": {
      "version": "0.5.0",
      "resolved": "https://registry.npmjs.org/union/-/union-0.5.0.tgz",
      "integrity": "sha512-N6uOhuW6zO95P3Mel2I2zMsbsanvvtgn6jVqJv4vbVcz/JN0OkL9suomjQGmWtxJQXOCqUJvquc1sMeNz/IwlA==",
      "dev": true,
      "requires": {
        "qs": "^6.4.0"
      }
    },
    "url-join": {
      "version": "2.0.5",
      "resolved": "https://registry.npmjs.org/url-join/-/url-join-2.0.5.tgz",
      "integrity": "sha1-WvIvGMBSoACkjXuCxenC4v7tpyg=",
      "dev": true
    },
    "wordwrap": {
      "version": "0.0.3",
      "resolved": "https://registry.npmjs.org/wordwrap/-/wordwrap-0.0.3.tgz",
      "integrity": "sha1-o9XabNXAvAAI03I0u68b7WMFkQc=",
      "dev": true
    }
  }
}
